
Microsoft Visual Studio Solution File, Format Version 12.00
# Visual Studio Version 17
VisualStudioVersion = 17.4.33110.190
MinimumVisualStudioVersion = 10.0.40219.1
Project("{9A19103F-16F7-4668-BE54-9A1E7A4F7556}") = "CM_5", "CM_5\CM_5.csproj", "{846BB236-E5F8-44F5-9956-E71509E0B061}"
EndProject
Project("{FAE04EC0-301F-11D3-BF4B-00C04F79EFBC}") = "CM_5_Tests", "CM_5_Tests\CM_5_Tests.csproj", "{FA27F57E-7320-4BDE-A47B-C0A7A98CBCE8}"
EndProject
Global
	GlobalSection(SolutionConfigurationPlatforms) = preSolution
		Debug|Any CPU = Debug|Any CPU
		Release|Any CPU = Release|Any CPU
	EndGlobalSection
	GlobalSection(ProjectConfigurationPlatforms) = postSolution
		{846BB236-E5F8-44F5-9956-E71509E0B061}.Debug|Any CPU.ActiveCfg = Debug|Any CPU
		{846BB236-E5F8-44F5-9956-E71509E0B061}.Debug|Any CPU.Build.0 = Debug|Any CPU
		{846BB236-E5F8-44F5-9956-E71509E0B061}.Release|Any CPU.ActiveCfg = Release|Any CPU
		{846BB236-E5F8-44F5-9956-E71509E0B061}.Release|Any CPU.Build.0 = Release|Any CPU
		{FA27F57E-7320-4BDE-A47B-C0A7A98CBCE8}.Debug|Any CPU.ActiveCfg = Debug|Any CPU
		{FA27F57E-7320-4BDE-A47B-C0A7A98CBCE8}.Debug|Any CPU.Build.0 = Debug|Any CPU
		{FA27F57E-7320-4BDE-A47B-C0A7A98CBCE8}.Release|Any CPU.ActiveCfg = Release|Any CPU
		{FA27F57E-7320-4BDE-A47B-C0A7A98CBCE8}.Release|Any CPU.Build.0 = Release|Any CPU
	EndGlobalSection
	GlobalSection(SolutionProperties) = preSolution
		HideSolutionNode = FALSE
	EndGlobalSection
	GlobalSection(ExtensibilityGlobals) = postSolution
		SolutionGuid = {4355EBD4-63C6-4C51-829E-C460A627AF90}
	EndGlobalSection
EndGlobal
